
Microsoft Visual Studio Solution File, Format Version 12.00
# Visual Studio Version 17
VisualStudioVersion = 17.8.34330.188
MinimumVisualStudioVersion = 10.0.40219.1
Project("{888888A0-9F3D-457C-B088-3A5042F75D52}") = "Week3AssignmentDeLaCerda", "Week3AssignmentDeLaCerda.pyproj", "{0BB3D81C-0F7B-461F-A540-F5F2299DEEEC}"
EndProject
Global
	GlobalSection(SolutionConfigurationPlatforms) = preSolution
		Debug|Any CPU = Debug|Any CPU
		Release|Any CPU = Release|Any CPU
	EndGlobalSection
	GlobalSection(ProjectConfigurationPlatforms) = postSolution
		{0BB3D81C-0F7B-461F-A540-F5F2299DEEEC}.Debug|Any CPU.ActiveCfg = Debug|Any CPU
		{0BB3D81C-0F7B-461F-A540-F5F2299DEEEC}.Release|Any CPU.ActiveCfg = Release|Any CPU
	EndGlobalSection
	GlobalSection(SolutionProperties) = preSolution
		HideSolutionNode = FALSE
	EndGlobalSection
	GlobalSection(ExtensibilityGlobals) = postSolution
		SolutionGuid = {55D1F112-4EE4-4634-B685-B61BE24DF857}
	EndGlobalSection
EndGlobal
