
Microsoft Visual Studio Solution File, Format Version 12.00
# Visual Studio Version 17
VisualStudioVersion = 17.8.34330.188
MinimumVisualStudioVersion = 10.0.40219.1
Project("{888888A0-9F3D-457C-B088-3A5042F75D52}") = "Week2-DeLaCerda", "Week2-DeLaCerda.pyproj", "{B1F78C6E-4A40-44C2-B9AB-EC750172B837}"
EndProject
Global
	GlobalSection(SolutionConfigurationPlatforms) = preSolution
		Debug|Any CPU = Debug|Any CPU
		Release|Any CPU = Release|Any CPU
	EndGlobalSection
	GlobalSection(ProjectConfigurationPlatforms) = postSolution
		{B1F78C6E-4A40-44C2-B9AB-EC750172B837}.Debug|Any CPU.ActiveCfg = Debug|Any CPU
		{B1F78C6E-4A40-44C2-B9AB-EC750172B837}.Release|Any CPU.ActiveCfg = Release|Any CPU
	EndGlobalSection
	GlobalSection(SolutionProperties) = preSolution
		HideSolutionNode = FALSE
	EndGlobalSection
	GlobalSection(ExtensibilityGlobals) = postSolution
		SolutionGuid = {366EF4D9-D936-4179-9D2A-1B4C7AFE19F4}
	EndGlobalSection
EndGlobal
